
Microsoft Visual Studio Solution File, Format Version 12.00
# Visual Studio Version 16
VisualStudioVersion = 16.0.32602.291
MinimumVisualStudioVersion = 10.0.40219.1
Project("{FAE04EC0-301F-11D3-BF4B-00C04F79EFBC}") = "WConFinServer", "WConFinServer\WConFinServer.csproj", "{8A3EF246-F198-44C9-BB08-044D80628F4A}"
EndProject
Global
	GlobalSection(SolutionConfigurationPlatforms) = preSolution
		Debug|Any CPU = Debug|Any CPU
		Release|Any CPU = Release|Any CPU
	EndGlobalSection
	GlobalSection(ProjectConfigurationPlatforms) = postSolution
		{8A3EF246-F198-44C9-BB08-044D80628F4A}.Debug|Any CPU.ActiveCfg = Debug|Any CPU
		{8A3EF246-F198-44C9-BB08-044D80628F4A}.Debug|Any CPU.Build.0 = Debug|Any CPU
		{8A3EF246-F198-44C9-BB08-044D80628F4A}.Release|Any CPU.ActiveCfg = Release|Any CPU
		{8A3EF246-F198-44C9-BB08-044D80628F4A}.Release|Any CPU.Build.0 = Release|Any CPU
	EndGlobalSection
	GlobalSection(SolutionProperties) = preSolution
		HideSolutionNode = FALSE
	EndGlobalSection
	GlobalSection(ExtensibilityGlobals) = postSolution
		SolutionGuid = {7EC50586-DC19-494C-B055-9CECEDA543D4}
	EndGlobalSection
EndGlobal
